
Microsoft Visual Studio Solution File, Format Version 12.00
# Visual Studio Version 17
VisualStudioVersion = 17.4.33403.182
MinimumVisualStudioVersion = 10.0.40219.1
Project("{2150E333-8FDC-42A3-9474-1A3956D46DE8}") = "src", "src", "{54E3BA7C-94B2-49EE-9F1C-1F268917665E}"
EndProject
Project("{2150E333-8FDC-42A3-9474-1A3956D46DE8}") = "tests", "tests", "{0A464492-7F60-4F1F-A5A8-346B82DEDD59}"
EndProject
Project("{FAE04EC0-301F-11D3-BF4B-00C04F79EFBC}") = "Infrastructure", "src\Infrastructure\Infrastructure.csproj", "{40317373-46B9-419B-BC23-9263B4C21FD7}"
EndProject
Project("{FAE04EC0-301F-11D3-BF4B-00C04F79EFBC}") = "Domain", "src\Domain\Domain.csproj", "{8A0E5E64-FCF8-417E-984A-7BAFD6512196}"
EndProject
Project("{FAE04EC0-301F-11D3-BF4B-00C04F79EFBC}") = "Application", "src\Application\Application.csproj", "{EC6D4EC5-B41A-46AF-B28D-8A283ECC034D}"
EndProject
Project("{FAE04EC0-301F-11D3-BF4B-00C04F79EFBC}") = "ApiUI", "src\ApiUI\ApiUI.csproj", "{8CA9FE8F-135E-4404-BE26-BE86155B55D6}"
EndProject
Project("{FAE04EC0-301F-11D3-BF4B-00C04F79EFBC}") = "Application.IntegrationTests", "tests\Application.IntegrationTests\Application.IntegrationTests.csproj", "{7D6DD52A-96E4-4E71-8791-6B56C59BAAD9}"
EndProject
Global
	GlobalSection(SolutionConfigurationPlatforms) = preSolution
		Debug|Any CPU = Debug|Any CPU
		Release|Any CPU = Release|Any CPU
	EndGlobalSection
	GlobalSection(ProjectConfigurationPlatforms) = postSolution
		{40317373-46B9-419B-BC23-9263B4C21FD7}.Debug|Any CPU.ActiveCfg = Debug|Any CPU
		{40317373-46B9-419B-BC23-9263B4C21FD7}.Debug|Any CPU.Build.0 = Debug|Any CPU
		{40317373-46B9-419B-BC23-9263B4C21FD7}.Release|Any CPU.ActiveCfg = Release|Any CPU
		{40317373-46B9-419B-BC23-9263B4C21FD7}.Release|Any CPU.Build.0 = Release|Any CPU
		{8A0E5E64-FCF8-417E-984A-7BAFD6512196}.Debug|Any CPU.ActiveCfg = Debug|Any CPU
		{8A0E5E64-FCF8-417E-984A-7BAFD6512196}.Debug|Any CPU.Build.0 = Debug|Any CPU
		{8A0E5E64-FCF8-417E-984A-7BAFD6512196}.Release|Any CPU.ActiveCfg = Release|Any CPU
		{8A0E5E64-FCF8-417E-984A-7BAFD6512196}.Release|Any CPU.Build.0 = Release|Any CPU
		{EC6D4EC5-B41A-46AF-B28D-8A283ECC034D}.Debug|Any CPU.ActiveCfg = Debug|Any CPU
		{EC6D4EC5-B41A-46AF-B28D-8A283ECC034D}.Debug|Any CPU.Build.0 = Debug|Any CPU
		{EC6D4EC5-B41A-46AF-B28D-8A283ECC034D}.Release|Any CPU.ActiveCfg = Release|Any CPU
		{EC6D4EC5-B41A-46AF-B28D-8A283ECC034D}.Release|Any CPU.Build.0 = Release|Any CPU
		{8CA9FE8F-135E-4404-BE26-BE86155B55D6}.Debug|Any CPU.ActiveCfg = Debug|Any CPU
		{8CA9FE8F-135E-4404-BE26-BE86155B55D6}.Debug|Any CPU.Build.0 = Debug|Any CPU
		{8CA9FE8F-135E-4404-BE26-BE86155B55D6}.Release|Any CPU.ActiveCfg = Release|Any CPU
		{8CA9FE8F-135E-4404-BE26-BE86155B55D6}.Release|Any CPU.Build.0 = Release|Any CPU
		{7D6DD52A-96E4-4E71-8791-6B56C59BAAD9}.Debug|Any CPU.ActiveCfg = Debug|Any CPU
		{7D6DD52A-96E4-4E71-8791-6B56C59BAAD9}.Debug|Any CPU.Build.0 = Debug|Any CPU
		{7D6DD52A-96E4-4E71-8791-6B56C59BAAD9}.Release|Any CPU.ActiveCfg = Release|Any CPU
		{7D6DD52A-96E4-4E71-8791-6B56C59BAAD9}.Release|Any CPU.Build.0 = Release|Any CPU
	EndGlobalSection
	GlobalSection(SolutionProperties) = preSolution
		HideSolutionNode = FALSE
	EndGlobalSection
	GlobalSection(NestedProjects) = preSolution
		{40317373-46B9-419B-BC23-9263B4C21FD7} = {54E3BA7C-94B2-49EE-9F1C-1F268917665E}
		{8A0E5E64-FCF8-417E-984A-7BAFD6512196} = {54E3BA7C-94B2-49EE-9F1C-1F268917665E}
		{EC6D4EC5-B41A-46AF-B28D-8A283ECC034D} = {54E3BA7C-94B2-49EE-9F1C-1F268917665E}
		{8CA9FE8F-135E-4404-BE26-BE86155B55D6} = {54E3BA7C-94B2-49EE-9F1C-1F268917665E}
		{7D6DD52A-96E4-4E71-8791-6B56C59BAAD9} = {0A464492-7F60-4F1F-A5A8-346B82DEDD59}
	EndGlobalSection
	GlobalSection(ExtensibilityGlobals) = postSolution
		SolutionGuid = {E494FA0E-02E3-4972-A708-BC276F873601}
	EndGlobalSection
EndGlobal
